
Microsoft Visual Studio Solution File, Format Version 12.00
# Visual Studio 14
VisualStudioVersion = 14.0.25420.1
MinimumVisualStudioVersion = 10.0.40219.1
Project("{FAE04EC0-301F-11D3-BF4B-00C04F79EFBC}") = "Hackathon.Infra", "Hackathon.Infra\Hackathon.Infra.csproj", "{8CE48B2E-B3DD-45D3-B5E9-C05630099FB4}"
EndProject
Project("{FAE04EC0-301F-11D3-BF4B-00C04F79EFBC}") = "Hackathon.Service", "Hackathon.Service\Hackathon.Service.csproj", "{5307B944-2AD2-41D0-83FD-4FF973EAE8F7}"
EndProject
Project("{FAE04EC0-301F-11D3-BF4B-00C04F79EFBC}") = "Hackathon.Api", "Hackathon.Api\Hackathon.Api.csproj", "{9C894E75-2921-491A-AA9F-D9F2106FDEE3}"
EndProject
Project("{FAE04EC0-301F-11D3-BF4B-00C04F79EFBC}") = "Hackathon.Dto", "Hackathon.Dto\Hackathon.Dto.csproj", "{2F659083-AE96-4F98-929B-183E246BF57B}"
EndProject
Global
	GlobalSection(SolutionConfigurationPlatforms) = preSolution
		Debug|Any CPU = Debug|Any CPU
		Release|Any CPU = Release|Any CPU
	EndGlobalSection
	GlobalSection(ProjectConfigurationPlatforms) = postSolution
		{8CE48B2E-B3DD-45D3-B5E9-C05630099FB4}.Debug|Any CPU.ActiveCfg = Debug|Any CPU
		{8CE48B2E-B3DD-45D3-B5E9-C05630099FB4}.Debug|Any CPU.Build.0 = Debug|Any CPU
		{8CE48B2E-B3DD-45D3-B5E9-C05630099FB4}.Release|Any CPU.ActiveCfg = Release|Any CPU
		{8CE48B2E-B3DD-45D3-B5E9-C05630099FB4}.Release|Any CPU.Build.0 = Release|Any CPU
		{5307B944-2AD2-41D0-83FD-4FF973EAE8F7}.Debug|Any CPU.ActiveCfg = Debug|Any CPU
		{5307B944-2AD2-41D0-83FD-4FF973EAE8F7}.Debug|Any CPU.Build.0 = Debug|Any CPU
		{5307B944-2AD2-41D0-83FD-4FF973EAE8F7}.Release|Any CPU.ActiveCfg = Release|Any CPU
		{5307B944-2AD2-41D0-83FD-4FF973EAE8F7}.Release|Any CPU.Build.0 = Release|Any CPU
		{9C894E75-2921-491A-AA9F-D9F2106FDEE3}.Debug|Any CPU.ActiveCfg = Debug|Any CPU
		{9C894E75-2921-491A-AA9F-D9F2106FDEE3}.Debug|Any CPU.Build.0 = Debug|Any CPU
		{9C894E75-2921-491A-AA9F-D9F2106FDEE3}.Release|Any CPU.ActiveCfg = Release|Any CPU
		{9C894E75-2921-491A-AA9F-D9F2106FDEE3}.Release|Any CPU.Build.0 = Release|Any CPU
		{2F659083-AE96-4F98-929B-183E246BF57B}.Debug|Any CPU.ActiveCfg = Debug|Any CPU
		{2F659083-AE96-4F98-929B-183E246BF57B}.Debug|Any CPU.Build.0 = Debug|Any CPU
		{2F659083-AE96-4F98-929B-183E246BF57B}.Release|Any CPU.ActiveCfg = Release|Any CPU
		{2F659083-AE96-4F98-929B-183E246BF57B}.Release|Any CPU.Build.0 = Release|Any CPU
	EndGlobalSection
	GlobalSection(SolutionProperties) = preSolution
		HideSolutionNode = FALSE
	EndGlobalSection
EndGlobal
